
Microsoft Visual Studio Solution File, Format Version 12.00
# Visual Studio 15
VisualStudioVersion = 15.0.27703.2018
MinimumVisualStudioVersion = 10.0.40219.1
Project("{FAE04EC0-301F-11D3-BF4B-00C04F79EFBC}") = "console1", "console1\console1.csproj", "{2769F1D6-810E-409E-8BFB-7F3C9A35DA45}"
EndProject
Global
	GlobalSection(SolutionConfigurationPlatforms) = preSolution
		Debug|Any CPU = Debug|Any CPU
		Release|Any CPU = Release|Any CPU
	EndGlobalSection
	GlobalSection(ProjectConfigurationPlatforms) = postSolution
		{2769F1D6-810E-409E-8BFB-7F3C9A35DA45}.Debug|Any CPU.ActiveCfg = Debug|Any CPU
		{2769F1D6-810E-409E-8BFB-7F3C9A35DA45}.Debug|Any CPU.Build.0 = Debug|Any CPU
		{2769F1D6-810E-409E-8BFB-7F3C9A35DA45}.Release|Any CPU.ActiveCfg = Release|Any CPU
		{2769F1D6-810E-409E-8BFB-7F3C9A35DA45}.Release|Any CPU.Build.0 = Release|Any CPU
	EndGlobalSection
	GlobalSection(SolutionProperties) = preSolution
		HideSolutionNode = FALSE
	EndGlobalSection
	GlobalSection(ExtensibilityGlobals) = postSolution
		SolutionGuid = {B554753C-0981-4849-BF9B-CDFA5DD23B4C}
	EndGlobalSection
EndGlobal
